// !$*UTF8*$!
{
	archiveVersion = 1;
	classes = {
	};
	objectVersion = 50;
	objects = {

/* Begin PBXBuildFile section */
		38C13283C98A74A297984FF4 /* Pods_ProductReviewTests.framework in Frameworks */ = {isa = PBXBuildFile; fileRef = 6CE982A1AF8958C3A8B56591 /* Pods_ProductReviewTests.framework */; };
		5283D35CD64A0AE93F87E96D /* Pods_ProductReview.framework in Frameworks */ = {isa = PBXBuildFile; fileRef = 47BD6608C5308C7F45A088BB /* Pods_ProductReview.framework */; };
		F401497620EF8CDB00B2B679 /* ProductCollectionViewController.swift in Sources */ = {isa = PBXBuildFile; fileRef = F401497520EF8CDB00B2B679 /* ProductCollectionViewController.swift */; };
		F407043420EF784F00063CD7 /* Product.swift in Sources */ = {isa = PBXBuildFile; fileRef = F407043320EF784F00063CD7 /* Product.swift */; };
		F407043620EF7CA500063CD7 /* ProductCollectionViewCell.swift in Sources */ = {isa = PBXBuildFile; fileRef = F407043520EF7CA400063CD7 /* ProductCollectionViewCell.swift */; };
		F40CB03C20F3439F00D81869 /* SukhumvitSet.ttc in Resources */ = {isa = PBXBuildFile; fileRef = F407043A20EF80FD00063CD7 /* SukhumvitSet.ttc */; };
		F40CB03E20F344B100D81869 /* Gotham-Bold.ttf in Resources */ = {isa = PBXBuildFile; fileRef = F40CB03D20F344B100D81869 /* Gotham-Bold.ttf */; };
		F40CB04020F3474F00D81869 /* Gotham-Medium.otf in Resources */ = {isa = PBXBuildFile; fileRef = F40CB03F20F3474E00D81869 /* Gotham-Medium.otf */; };
		F40CB04820F36B1E00D81869 /* ProductDetailViewController.swift in Sources */ = {isa = PBXBuildFile; fileRef = F40CB04720F36B1E00D81869 /* ProductDetailViewController.swift */; };
		F451472820F8AA4C001D11BE /* ReviewData.swift in Sources */ = {isa = PBXBuildFile; fileRef = F451472720F8AA4C001D11BE /* ReviewData.swift */; };
		F451472D20F8B231001D11BE /* RatingCollectionViewCell.swift in Sources */ = {isa = PBXBuildFile; fileRef = F451472C20F8B231001D11BE /* RatingCollectionViewCell.swift */; };
		F451473220FA6149001D11BE /* ReviewCollectionViewController.swift in Sources */ = {isa = PBXBuildFile; fileRef = F451473120FA6149001D11BE /* ReviewCollectionViewController.swift */; };
		F451473420FA615D001D11BE /* ReviewCollectionViewCell.swift in Sources */ = {isa = PBXBuildFile; fileRef = F451473320FA615D001D11BE /* ReviewCollectionViewCell.swift */; };
		F4DF244C20F05A7F009C188B /* Extensions.swift in Sources */ = {isa = PBXBuildFile; fileRef = F4DF244B20F05A7F009C188B /* Extensions.swift */; };
		F4DF244E20F069AA009C188B /* AddProductCollectionViewCell.swift in Sources */ = {isa = PBXBuildFile; fileRef = F4DF244D20F069AA009C188B /* AddProductCollectionViewCell.swift */; };
		F4E2CFFA20EF56D500F3068B /* AppDelegate.swift in Sources */ = {isa = PBXBuildFile; fileRef = F4E2CFF920EF56D500F3068B /* AppDelegate.swift */; };
		F4E2CFFC20EF56D500F3068B /* AddProductViewController.swift in Sources */ = {isa = PBXBuildFile; fileRef = F4E2CFFB20EF56D500F3068B /* AddProductViewController.swift */; };
		F4E2CFFF20EF56D500F3068B /* Main.storyboard in Resources */ = {isa = PBXBuildFile; fileRef = F4E2CFFD20EF56D500F3068B /* Main.storyboard */; };
		F4E2D00120EF56D700F3068B /* Assets.xcassets in Resources */ = {isa = PBXBuildFile; fileRef = F4E2D00020EF56D700F3068B /* Assets.xcassets */; };
		F4E2D00420EF56D700F3068B /* LaunchScreen.storyboard in Resources */ = {isa = PBXBuildFile; fileRef = F4E2D00220EF56D700F3068B /* LaunchScreen.storyboard */; };
		F4E2D00F20EF56D700F3068B /* ProductReviewTests.swift in Sources */ = {isa = PBXBuildFile; fileRef = F4E2D00E20EF56D700F3068B /* ProductReviewTests.swift */; };
/* End PBXBuildFile section */

/* Begin PBXContainerItemProxy section */
		F4E2D00B20EF56D700F3068B /* PBXContainerItemProxy */ = {
			isa = PBXContainerItemProxy;
			containerPortal = F4E2CFEE20EF56D500F3068B /* Project object */;
			proxyType = 1;
			remoteGlobalIDString = F4E2CFF520EF56D500F3068B;
			remoteInfo = ProductReview;
		};
/* End PBXContainerItemProxy section */

/* Begin PBXFileReference section */
		47BD6608C5308C7F45A088BB /* Pods_ProductReview.framework */ = {isa = PBXFileReference; explicitFileType = wrapper.framework; includeInIndex = 0; path = Pods_ProductReview.framework; sourceTree = BUILT_PRODUCTS_DIR; };
		5F5F71A09F061B27BD383164 /* Pods-ProductReviewTests.release.xcconfig */ = {isa = PBXFileReference; includeInIndex = 1; lastKnownFileType = text.xcconfig; name = "Pods-ProductReviewTests.release.xcconfig"; path = "Pods/Target Support Files/Pods-ProductReviewTests/Pods-ProductReviewTests.release.xcconfig"; sourceTree = "<group>"; };
		6CE982A1AF8958C3A8B56591 /* Pods_ProductReviewTests.framework */ = {isa = PBXFileReference; explicitFileType = wrapper.framework; includeInIndex = 0; path = Pods_ProductReviewTests.framework; sourceTree = BUILT_PRODUCTS_DIR; };
		726816228E074ED7C1ED5AAF /* Pods-ProductReview.debug.xcconfig */ = {isa = PBXFileReference; includeInIndex = 1; lastKnownFileType = text.xcconfig; name = "Pods-ProductReview.debug.xcconfig"; path = "Pods/Target Support Files/Pods-ProductReview/Pods-ProductReview.debug.xcconfig"; sourceTree = "<group>"; };
		AC7DC87E6753DB70653BFF03 /* Pods-ProductReview.release.xcconfig */ = {isa = PBXFileReference; includeInIndex = 1; lastKnownFileType = text.xcconfig; name = "Pods-ProductReview.release.xcconfig"; path = "Pods/Target Support Files/Pods-ProductReview/Pods-ProductReview.release.xcconfig"; sourceTree = "<group>"; };
		BF76C776D34AC709492B044F /* Pods-ProductReviewTests.debug.xcconfig */ = {isa = PBXFileReference; includeInIndex = 1; lastKnownFileType = text.xcconfig; name = "Pods-ProductReviewTests.debug.xcconfig"; path = "Pods/Target Support Files/Pods-ProductReviewTests/Pods-ProductReviewTests.debug.xcconfig"; sourceTree = "<group>"; };
		F401497520EF8CDB00B2B679 /* ProductCollectionViewController.swift */ = {isa = PBXFileReference; lastKnownFileType = sourcecode.swift; path = ProductCollectionViewController.swift; sourceTree = "<group>"; };
		F407043320EF784F00063CD7 /* Product.swift */ = {isa = PBXFileReference; lastKnownFileType = sourcecode.swift; path = Product.swift; sourceTree = "<group>"; };
		F407043520EF7CA400063CD7 /* ProductCollectionViewCell.swift */ = {isa = PBXFileReference; lastKnownFileType = sourcecode.swift; path = ProductCollectionViewCell.swift; sourceTree = "<group>"; };
		F407043A20EF80FD00063CD7 /* SukhumvitSet.ttc */ = {isa = PBXFileReference; lastKnownFileType = file; path = SukhumvitSet.ttc; sourceTree = "<group>"; };
		F40CB03D20F344B100D81869 /* Gotham-Bold.ttf */ = {isa = PBXFileReference; lastKnownFileType = file; path = "Gotham-Bold.ttf"; sourceTree = "<group>"; };
		F40CB03F20F3474E00D81869 /* Gotham-Medium.otf */ = {isa = PBXFileReference; lastKnownFileType = file; path = "Gotham-Medium.otf"; sourceTree = "<group>"; };
		F40CB04720F36B1E00D81869 /* ProductDetailViewController.swift */ = {isa = PBXFileReference; lastKnownFileType = sourcecode.swift; path = ProductDetailViewController.swift; sourceTree = "<group>"; };
		F451472720F8AA4C001D11BE /* ReviewData.swift */ = {isa = PBXFileReference; lastKnownFileType = sourcecode.swift; path = ReviewData.swift; sourceTree = "<group>"; };
		F451472C20F8B231001D11BE /* RatingCollectionViewCell.swift */ = {isa = PBXFileReference; lastKnownFileType = sourcecode.swift; name = RatingCollectionViewCell.swift; path = /Users/pisit.lol/Desktop/ProductReview/ProductReview/ViewController/CollectionView/Rating/RatingCollectionViewCell.swift; sourceTree = "<absolute>"; };
		F451473120FA6149001D11BE /* ReviewCollectionViewController.swift */ = {isa = PBXFileReference; lastKnownFileType = sourcecode.swift; path = ReviewCollectionViewController.swift; sourceTree = "<group>"; };
		F451473320FA615D001D11BE /* ReviewCollectionViewCell.swift */ = {isa = PBXFileReference; lastKnownFileType = sourcecode.swift; path = ReviewCollectionViewCell.swift; sourceTree = "<group>"; };
		F4DF244B20F05A7F009C188B /* Extensions.swift */ = {isa = PBXFileReference; lastKnownFileType = sourcecode.swift; path = Extensions.swift; sourceTree = "<group>"; };
		F4DF244D20F069AA009C188B /* AddProductCollectionViewCell.swift */ = {isa = PBXFileReference; lastKnownFileType = sourcecode.swift; path = AddProductCollectionViewCell.swift; sourceTree = "<group>"; };
		F4E2CFF620EF56D500F3068B /* ProductReview.app */ = {isa = PBXFileReference; explicitFileType = wrapper.application; includeInIndex = 0; path = ProductReview.app; sourceTree = BUILT_PRODUCTS_DIR; };
		F4E2CFF920EF56D500F3068B /* AppDelegate.swift */ = {isa = PBXFileReference; lastKnownFileType = sourcecode.swift; path = AppDelegate.swift; sourceTree = "<group>"; };
		F4E2CFFB20EF56D500F3068B /* AddProductViewController.swift */ = {isa = PBXFileReference; lastKnownFileType = sourcecode.swift; path = AddProductViewController.swift; sourceTree = "<group>"; };
		F4E2CFFE20EF56D500F3068B /* Base */ = {isa = PBXFileReference; lastKnownFileType = file.storyboard; name = Base; path = Base.lproj/Main.storyboard; sourceTree = "<group>"; };
		F4E2D00020EF56D700F3068B /* Assets.xcassets */ = {isa = PBXFileReference; lastKnownFileType = folder.assetcatalog; path = Assets.xcassets; sourceTree = "<group>"; };
		F4E2D00320EF56D700F3068B /* Base */ = {isa = PBXFileReference; lastKnownFileType = file.storyboard; name = Base; path = Base.lproj/LaunchScreen.storyboard; sourceTree = "<group>"; };
		F4E2D00520EF56D700F3068B /* Info.plist */ = {isa = PBXFileReference; lastKnownFileType = text.plist.xml; path = Info.plist; sourceTree = "<group>"; };
		F4E2D00A20EF56D700F3068B /* ProductReviewTests.xctest */ = {isa = PBXFileReference; explicitFileType = wrapper.cfbundle; includeInIndex = 0; path = ProductReviewTests.xctest; sourceTree = BUILT_PRODUCTS_DIR; };
		F4E2D00E20EF56D700F3068B /* ProductReviewTests.swift */ = {isa = PBXFileReference; lastKnownFileType = sourcecode.swift; path = ProductReviewTests.swift; sourceTree = "<group>"; };
		F4E2D01020EF56D700F3068B /* Info.plist */ = {isa = PBXFileReference; lastKnownFileType = text.plist.xml; path = Info.plist; sourceTree = "<group>"; };
/* End PBXFileReference section */

/* Begin PBXFrameworksBuildPhase section */
		F4E2CFF320EF56D500F3068B /* Frameworks */ = {
			isa = PBXFrameworksBuildPhase;
			buildActionMask = 2147483647;
			files = (
				5283D35CD64A0AE93F87E96D /* Pods_ProductReview.framework in Frameworks */,
			);
			runOnlyForDeploymentPostprocessing = 0;
		};
		F4E2D00720EF56D700F3068B /* Frameworks */ = {
			isa = PBXFrameworksBuildPhase;
			buildActionMask = 2147483647;
			files = (
				38C13283C98A74A297984FF4 /* Pods_ProductReviewTests.framework in Frameworks */,
			);
			runOnlyForDeploymentPostprocessing = 0;
		};
/* End PBXFrameworksBuildPhase section */

/* Begin PBXGroup section */
		4E3D22D182A45C46D859B1E5 /* Pods */ = {
			isa = PBXGroup;
			children = (
				726816228E074ED7C1ED5AAF /* Pods-ProductReview.debug.xcconfig */,
				AC7DC87E6753DB70653BFF03 /* Pods-ProductReview.release.xcconfig */,
				BF76C776D34AC709492B044F /* Pods-ProductReviewTests.debug.xcconfig */,
				5F5F71A09F061B27BD383164 /* Pods-ProductReviewTests.release.xcconfig */,
			);
			name = Pods;
			sourceTree = "<group>";
		};
		A1C57DC28708FBAE62183F37 /* Frameworks */ = {
			isa = PBXGroup;
			children = (
				47BD6608C5308C7F45A088BB /* Pods_ProductReview.framework */,
				6CE982A1AF8958C3A8B56591 /* Pods_ProductReviewTests.framework */,
			);
			name = Frameworks;
			sourceTree = "<group>";
		};
		F407043920EF80E300063CD7 /* Fonts */ = {
			isa = PBXGroup;
			children = (
				F40CB03F20F3474E00D81869 /* Gotham-Medium.otf */,
				F40CB03D20F344B100D81869 /* Gotham-Bold.ttf */,
				F407043A20EF80FD00063CD7 /* SukhumvitSet.ttc */,
			);
			path = Fonts;
			sourceTree = "<group>";
		};
		F40CB04120F364BB00D81869 /* Product */ = {
			isa = PBXGroup;
			children = (
				F401497520EF8CDB00B2B679 /* ProductCollectionViewController.swift */,
				F407043520EF7CA400063CD7 /* ProductCollectionViewCell.swift */,
			);
			path = Product;
			sourceTree = "<group>";
		};
		F40CB04220F364D800D81869 /* AddProduct */ = {
			isa = PBXGroup;
			children = (
				F4DF244D20F069AA009C188B /* AddProductCollectionViewCell.swift */,
			);
			path = AddProduct;
			sourceTree = "<group>";
		};
		F40CB04320F364FE00D81869 /* ViewController */ = {
			isa = PBXGroup;
			children = (
				F4DF244F20F073D2009C188B /* CollectionView */,
				F40CB04620F3652C00D81869 /* ProductDetail */,
				F40CB04420F3650B00D81869 /* AddProduct */,
			);
			path = ViewController;
			sourceTree = "<group>";
		};
		F40CB04420F3650B00D81869 /* AddProduct */ = {
			isa = PBXGroup;
			children = (
				F4E2CFFB20EF56D500F3068B /* AddProductViewController.swift */,
			);
			path = AddProduct;
			sourceTree = "<group>";
		};
		F40CB04620F3652C00D81869 /* ProductDetail */ = {
			isa = PBXGroup;
			children = (
				F40CB04720F36B1E00D81869 /* ProductDetailViewController.swift */,
			);
			path = ProductDetail;
			sourceTree = "<group>";
		};
		F451472920F8B1F1001D11BE /* Rating */ = {
			isa = PBXGroup;
			children = (
				F451472C20F8B231001D11BE /* RatingCollectionViewCell.swift */,
			);
			path = Rating;
			sourceTree = "<group>";
		};
		F451473020FA5BD5001D11BE /* Review */ = {
			isa = PBXGroup;
			children = (
				F451473120FA6149001D11BE /* ReviewCollectionViewController.swift */,
				F451473320FA615D001D11BE /* ReviewCollectionViewCell.swift */,
			);
			path = Review;
			sourceTree = "<group>";
		};
		F4DF244F20F073D2009C188B /* CollectionView */ = {
			isa = PBXGroup;
			children = (
				F451473020FA5BD5001D11BE /* Review */,
				F451472920F8B1F1001D11BE /* Rating */,
				F40CB04120F364BB00D81869 /* Product */,
				F40CB04220F364D800D81869 /* AddProduct */,
			);
			path = CollectionView;
			sourceTree = "<group>";
		};
		F4E2CFED20EF56D500F3068B = {
			isa = PBXGroup;
			children = (
				F4E2CFF820EF56D500F3068B /* ProductReview */,
				F4E2D00D20EF56D700F3068B /* ProductReviewTests */,
				F4E2CFF720EF56D500F3068B /* Products */,
				4E3D22D182A45C46D859B1E5 /* Pods */,
				A1C57DC28708FBAE62183F37 /* Frameworks */,
			);
			sourceTree = "<group>";
		};
		F4E2CFF720EF56D500F3068B /* Products */ = {
			isa = PBXGroup;
			children = (
				F4E2CFF620EF56D500F3068B /* ProductReview.app */,
				F4E2D00A20EF56D700F3068B /* ProductReviewTests.xctest */,
			);
			name = Products;
			sourceTree = "<group>";
		};
		F4E2CFF820EF56D500F3068B /* ProductReview */ = {
			isa = PBXGroup;
			children = (
				F407043920EF80E300063CD7 /* Fonts */,
				F4E2CFF920EF56D500F3068B /* AppDelegate.swift */,
				F4DF244B20F05A7F009C188B /* Extensions.swift */,
				F40CB04320F364FE00D81869 /* ViewController */,
				F407043320EF784F00063CD7 /* Product.swift */,
				F451472720F8AA4C001D11BE /* ReviewData.swift */,
				F4E2CFFD20EF56D500F3068B /* Main.storyboard */,
				F4E2D00020EF56D700F3068B /* Assets.xcassets */,
				F4E2D00220EF56D700F3068B /* LaunchScreen.storyboard */,
				F4E2D00520EF56D700F3068B /* Info.plist */,
			);
			path = ProductReview;
			sourceTree = "<group>";
		};
		F4E2D00D20EF56D700F3068B /* ProductReviewTests */ = {
			isa = PBXGroup;
			children = (
				F4E2D00E20EF56D700F3068B /* ProductReviewTests.swift */,
				F4E2D01020EF56D700F3068B /* Info.plist */,
			);
			path = ProductReviewTests;
			sourceTree = "<group>";
		};
/* End PBXGroup section */

/* Begin PBXNativeTarget section */
		F4E2CFF520EF56D500F3068B /* ProductReview */ = {
			isa = PBXNativeTarget;
			buildConfigurationList = F4E2D01320EF56D700F3068B /* Build configuration list for PBXNativeTarget "ProductReview" */;
			buildPhases = (
				89E929D892301AA26C998AB6 /* [CP] Check Pods Manifest.lock */,
				F4E2CFF220EF56D500F3068B /* Sources */,
				F4E2CFF320EF56D500F3068B /* Frameworks */,
				F4E2CFF420EF56D500F3068B /* Resources */,
				DDC12F1CD457AB0D230855ED /* [CP] Embed Pods Frameworks */,
			);
			buildRules = (
			);
			dependencies = (
			);
			name = ProductReview;
			productName = ProductReview;
			productReference = F4E2CFF620EF56D500F3068B /* ProductReview.app */;
			productType = "com.apple.product-type.application";
		};
		F4E2D00920EF56D700F3068B /* ProductReviewTests */ = {
			isa = PBXNativeTarget;
			buildConfigurationList = F4E2D01620EF56D700F3068B /* Build configuration list for PBXNativeTarget "ProductReviewTests" */;
			buildPhases = (
				CE32A5381A7B63FAD43694D2 /* [CP] Check Pods Manifest.lock */,
				F4E2D00620EF56D700F3068B /* Sources */,
				F4E2D00720EF56D700F3068B /* Frameworks */,
				F4E2D00820EF56D700F3068B /* Resources */,
			);
			buildRules = (
			);
			dependencies = (
				F4E2D00C20EF56D700F3068B /* PBXTargetDependency */,
			);
			name = ProductReviewTests;
			productName = ProductReviewTests;
			productReference = F4E2D00A20EF56D700F3068B /* ProductReviewTests.xctest */;
			productType = "com.apple.product-type.bundle.unit-test";
		};
/* End PBXNativeTarget section */

/* Begin PBXProject section */
		F4E2CFEE20EF56D500F3068B /* Project object */ = {
			isa = PBXProject;
			attributes = {
				LastSwiftUpdateCheck = 0940;
				LastUpgradeCheck = 0940;
				ORGANIZATIONNAME = "Pisit Lolak";
				TargetAttributes = {
					F4E2CFF520EF56D500F3068B = {
						CreatedOnToolsVersion = 9.4.1;
					};
					F4E2D00920EF56D700F3068B = {
						CreatedOnToolsVersion = 9.4.1;
						TestTargetID = F4E2CFF520EF56D500F3068B;
					};
				};
			};
			buildConfigurationList = F4E2CFF120EF56D500F3068B /* Build configuration list for PBXProject "ProductReview" */;
			compatibilityVersion = "Xcode 9.3";
			developmentRegion = en;
			hasScannedForEncodings = 0;
			knownRegions = (
				en,
				Base,
			);
			mainGroup = F4E2CFED20EF56D500F3068B;
			productRefGroup = F4E2CFF720EF56D500F3068B /* Products */;
			projectDirPath = "";
			projectRoot = "";
			targets = (
				F4E2CFF520EF56D500F3068B /* ProductReview */,
				F4E2D00920EF56D700F3068B /* ProductReviewTests */,
			);
		};
/* End PBXProject section */

/* Begin PBXResourcesBuildPhase section */
		F4E2CFF420EF56D500F3068B /* Resources */ = {
			isa = PBXResourcesBuildPhase;
			buildActionMask = 2147483647;
			files = (
				F40CB04020F3474F00D81869 /* Gotham-Medium.otf in Resources */,
				F40CB03E20F344B100D81869 /* Gotham-Bold.ttf in Resources */,
				F40CB03C20F3439F00D81869 /* SukhumvitSet.ttc in Resources */,
				F4E2D00420EF56D700F3068B /* LaunchScreen.storyboard in Resources */,
				F4E2D00120EF56D700F3068B /* Assets.xcassets in Resources */,
				F4E2CFFF20EF56D500F3068B /* Main.storyboard in Resources */,
			);
			runOnlyForDeploymentPostprocessing = 0;
		};
		F4E2D00820EF56D700F3068B /* Resources */ = {
			isa = PBXResourcesBuildPhase;
			buildActionMask = 2147483647;
			files = (
			);
			runOnlyForDeploymentPostprocessing = 0;
		};
/* End PBXResourcesBuildPhase section */

/* Begin PBXShellScriptBuildPhase section */
		89E929D892301AA26C998AB6 /* [CP] Check Pods Manifest.lock */ = {
			isa = PBXShellScriptBuildPhase;
			buildActionMask = 2147483647;
			files = (
			);
			inputPaths = (
				"${PODS_PODFILE_DIR_PATH}/Podfile.lock",
				"${PODS_ROOT}/Manifest.lock",
			);
			name = "[CP] Check Pods Manifest.lock";
			outputPaths = (
				"$(DERIVED_FILE_DIR)/Pods-ProductReview-checkManifestLockResult.txt",
			);
			runOnlyForDeploymentPostprocessing = 0;
			shellPath = /bin/sh;
			shellScript = "diff \"${PODS_PODFILE_DIR_PATH}/Podfile.lock\" \"${PODS_ROOT}/Manifest.lock\" > /dev/null\nif [ $? != 0 ] ; then\n    # print error to STDERR\n    echo \"error: The sandbox is not in sync with the Podfile.lock. Run 'pod install' or update your CocoaPods installation.\" >&2\n    exit 1\nfi\n# This output is used by Xcode 'outputs' to avoid re-running this script phase.\necho \"SUCCESS\" > \"${SCRIPT_OUTPUT_FILE_0}\"\n";
			showEnvVarsInLog = 0;
		};
		CE32A5381A7B63FAD43694D2 /* [CP] Check Pods Manifest.lock */ = {
			isa = PBXShellScriptBuildPhase;
			buildActionMask = 2147483647;
			files = (
			);
			inputPaths = (
				"${PODS_PODFILE_DIR_PATH}/Podfile.lock",
				"${PODS_ROOT}/Manifest.lock",
			);
			name = "[CP] Check Pods Manifest.lock";
			outputPaths = (
				"$(DERIVED_FILE_DIR)/Pods-ProductReviewTests-checkManifestLockResult.txt",
			);
			runOnlyForDeploymentPostprocessing = 0;
			shellPath = /bin/sh;
			shellScript = "diff \"${PODS_PODFILE_DIR_PATH}/Podfile.lock\" \"${PODS_ROOT}/Manifest.lock\" > /dev/null\nif [ $? != 0 ] ; then\n    # print error to STDERR\n    echo \"error: The sandbox is not in sync with the Podfile.lock. Run 'pod install' or update your CocoaPods installation.\" >&2\n    exit 1\nfi\n# This output is used by Xcode 'outputs' to avoid re-running this script phase.\necho \"SUCCESS\" > \"${SCRIPT_OUTPUT_FILE_0}\"\n";
			showEnvVarsInLog = 0;
		};
		DDC12F1CD457AB0D230855ED /* [CP] Embed Pods Frameworks */ = {
			isa = PBXShellScriptBuildPhase;
			buildActionMask = 2147483647;
			files = (
			);
			inputPaths = (
				"${SRCROOT}/Pods/Target Support Files/Pods-ProductReview/Pods-ProductReview-frameworks.sh",
				"${BUILT_PRODUCTS_DIR}/JVFloatLabeledTextField/JVFloatLabeledTextField.framework",
				"${BUILT_PRODUCTS_DIR}/SkyFloatingLabelTextField/SkyFloatingLabelTextField.framework",
			);
			name = "[CP] Embed Pods Frameworks";
			outputPaths = (
				"${TARGET_BUILD_DIR}/${FRAMEWORKS_FOLDER_PATH}/JVFloatLabeledTextField.framework",
				"${TARGET_BUILD_DIR}/${FRAMEWORKS_FOLDER_PATH}/SkyFloatingLabelTextField.framework",
			);
			runOnlyForDeploymentPostprocessing = 0;
			shellPath = /bin/sh;
			shellScript = "\"${SRCROOT}/Pods/Target Support Files/Pods-ProductReview/Pods-ProductReview-frameworks.sh\"\n";
			showEnvVarsInLog = 0;
		};
/* End PBXShellScriptBuildPhase section */

/* Begin PBXSourcesBuildPhase section */
		F4E2CFF220EF56D500F3068B /* Sources */ = {
			isa = PBXSourcesBuildPhase;
			buildActionMask = 2147483647;
			files = (
				F4E2CFFC20EF56D500F3068B /* AddProductViewController.swift in Sources */,
				F451473220FA6149001D11BE /* ReviewCollectionViewController.swift in Sources */,
				F401497620EF8CDB00B2B679 /* ProductCollectionViewController.swift in Sources */,
				F4E2CFFA20EF56D500F3068B /* AppDelegate.swift in Sources */,
				F4DF244E20F069AA009C188B /* AddProductCollectionViewCell.swift in Sources */,
				F4DF244C20F05A7F009C188B /* Extensions.swift in Sources */,
				F40CB04820F36B1E00D81869 /* ProductDetailViewController.swift in Sources */,
				F451472820F8AA4C001D11BE /* ReviewData.swift in Sources */,
				F451472D20F8B231001D11BE /* RatingCollectionViewCell.swift in Sources */,
				F407043620EF7CA500063CD7 /* ProductCollectionViewCell.swift in Sources */,
				F451473420FA615D001D11BE /* ReviewCollectionViewCell.swift in Sources */,
				F407043420EF784F00063CD7 /* Product.swift in Sources */,
			);
			runOnlyForDeploymentPostprocessing = 0;
		};
		F4E2D00620EF56D700F3068B /* Sources */ = {
			isa = PBXSourcesBuildPhase;
			buildActionMask = 2147483647;
			files = (
				F4E2D00F20EF56D700F3068B /* ProductReviewTests.swift in Sources */,
			);
			runOnlyForDeploymentPostprocessing = 0;
		};
/* End PBXSourcesBuildPhase section */

/* Begin PBXTargetDependency section */
		F4E2D00C20EF56D700F3068B /* PBXTargetDependency */ = {
			isa = PBXTargetDependency;
			target = F4E2CFF520EF56D500F3068B /* ProductReview */;
			targetProxy = F4E2D00B20EF56D700F3068B /* PBXContainerItemProxy */;
		};
/* End PBXTargetDependency section */

/* Begin PBXVariantGroup section */
		F4E2CFFD20EF56D500F3068B /* Main.storyboard */ = {
			isa = PBXVariantGroup;
			children = (
				F4E2CFFE20EF56D500F3068B /* Base */,
			);
			name = Main.storyboard;
			sourceTree = "<group>";
		};
		F4E2D00220EF56D700F3068B /* LaunchScreen.storyboard */ = {
			isa = PBXVariantGroup;
			children = (
				F4E2D00320EF56D700F3068B /* Base */,
			);
			name = LaunchScreen.storyboard;
			sourceTree = "<group>";
		};
/* End PBXVariantGroup section */

/* Begin XCBuildConfiguration section */
		F4E2D01120EF56D700F3068B /* Debug */ = {
			isa = XCBuildConfiguration;
			buildSettings = {
				ALWAYS_SEARCH_USER_PATHS = NO;
				CLANG_ANALYZER_NONNULL = YES;
				CLANG_ANALYZER_NUMBER_OBJECT_CONVERSION = YES_AGGRESSIVE;
				CLANG_CXX_LANGUAGE_STANDARD = "gnu++14";
				CLANG_CXX_LIBRARY = "libc++";
				CLANG_ENABLE_MODULES = YES;
				CLANG_ENABLE_OBJC_ARC = YES;
				CLANG_ENABLE_OBJC_WEAK = YES;
				CLANG_WARN_BLOCK_CAPTURE_AUTORELEASING = YES;
				CLANG_WARN_BOOL_CONVERSION = YES;
				CLANG_WARN_COMMA = YES;
				CLANG_WARN_CONSTANT_CONVERSION = YES;
				CLANG_WARN_DEPRECATED_OBJC_IMPLEMENTATIONS = YES;
				CLANG_WARN_DIRECT_OBJC_ISA_USAGE = YES_ERROR;
				CLANG_WARN_DOCUMENTATION_COMMENTS = YES;
				CLANG_WARN_EMPTY_BODY = YES;
				CLANG_WARN_ENUM_CONVERSION = YES;
				CLANG_WARN_INFINITE_RECURSION = YES;
				CLANG_WARN_INT_CONVERSION = YES;
				CLANG_WARN_NON_LITERAL_NULL_CONVERSION = YES;
				CLANG_WARN_OBJC_IMPLICIT_RETAIN_SELF = YES;
				CLANG_WARN_OBJC_LITERAL_CONVERSION = YES;
				CLANG_WARN_OBJC_ROOT_CLASS = YES_ERROR;
				CLANG_WARN_RANGE_LOOP_ANALYSIS = YES;
				CLANG_WARN_STRICT_PROTOTYPES = YES;
				CLANG_WARN_SUSPICIOUS_MOVE = YES;
				CLANG_WARN_UNGUARDED_AVAILABILITY = YES_AGGRESSIVE;
				CLANG_WARN_UNREACHABLE_CODE = YES;
				CLANG_WARN__DUPLICATE_METHOD_MATCH = YES;
				CODE_SIGN_IDENTITY = "iPhone Developer";
				COPY_PHASE_STRIP = NO;
				DEBUG_INFORMATION_FORMAT = dwarf;
				ENABLE_STRICT_OBJC_MSGSEND = YES;
				ENABLE_TESTABILITY = YES;
				GCC_C_LANGUAGE_STANDARD = gnu11;
				GCC_DYNAMIC_NO_PIC = NO;
				GCC_NO_COMMON_BLOCKS = YES;
				GCC_OPTIMIZATION_LEVEL = 0;
				GCC_PREPROCESSOR_DEFINITIONS = (
					"DEBUG=1",
					"$(inherited)",
				);
				GCC_WARN_64_TO_32_BIT_CONVERSION = YES;
				GCC_WARN_ABOUT_RETURN_TYPE = YES_ERROR;
				GCC_WARN_UNDECLARED_SELECTOR = YES;
				GCC_WARN_UNINITIALIZED_AUTOS = YES_AGGRESSIVE;
				GCC_WARN_UNUSED_FUNCTION = YES;
				GCC_WARN_UNUSED_VARIABLE = YES;
				IPHONEOS_DEPLOYMENT_TARGET = 11.4;
				MTL_ENABLE_DEBUG_INFO = YES;
				ONLY_ACTIVE_ARCH = YES;
				SDKROOT = iphoneos;
				SWIFT_ACTIVE_COMPILATION_CONDITIONS = DEBUG;
				SWIFT_OPTIMIZATION_LEVEL = "-Onone";
			};
			name = Debug;
		};
		F4E2D01220EF56D700F3068B /* Release */ = {
			isa = XCBuildConfiguration;
			buildSettings = {
				ALWAYS_SEARCH_USER_PATHS = NO;
				CLANG_ANALYZER_NONNULL = YES;
				CLANG_ANALYZER_NUMBER_OBJECT_CONVERSION = YES_AGGRESSIVE;
				CLANG_CXX_LANGUAGE_STANDARD = "gnu++14";
				CLANG_CXX_LIBRARY = "libc++";
				CLANG_ENABLE_MODULES = YES;
				CLANG_ENABLE_OBJC_ARC = YES;
				CLANG_ENABLE_OBJC_WEAK = YES;
				CLANG_WARN_BLOCK_CAPTURE_AUTORELEASING = YES;
				CLANG_WARN_BOOL_CONVERSION = YES;
				CLANG_WARN_COMMA = YES;
				CLANG_WARN_CONSTANT_CONVERSION = YES;
				CLANG_WARN_DEPRECATED_OBJC_IMPLEMENTATIONS = YES;
				CLANG_WARN_DIRECT_OBJC_ISA_USAGE = YES_ERROR;
				CLANG_WARN_DOCUMENTATION_COMMENTS = YES;
				CLANG_WARN_EMPTY_BODY = YES;
				CLANG_WARN_ENUM_CONVERSION = YES;
				CLANG_WARN_INFINITE_RECURSION = YES;
				CLANG_WARN_INT_CONVERSION = YES;
				CLANG_WARN_NON_LITERAL_NULL_CONVERSION = YES;
				CLANG_WARN_OBJC_IMPLICIT_RETAIN_SELF = YES;
				CLANG_WARN_OBJC_LITERAL_CONVERSION = YES;
				CLANG_WARN_OBJC_ROOT_CLASS = YES_ERROR;
				CLANG_WARN_RANGE_LOOP_ANALYSIS = YES;
				CLANG_WARN_STRICT_PROTOTYPES = YES;
				CLANG_WARN_SUSPICIOUS_MOVE = YES;
				CLANG_WARN_UNGUARDED_AVAILABILITY = YES_AGGRESSIVE;
				CLANG_WARN_UNREACHABLE_CODE = YES;
				CLANG_WARN__DUPLICATE_METHOD_MATCH = YES;
				CODE_SIGN_IDENTITY = "iPhone Developer";
				COPY_PHASE_STRIP = NO;
				DEBUG_INFORMATION_FORMAT = "dwarf-with-dsym";
				ENABLE_NS_ASSERTIONS = NO;
				ENABLE_STRICT_OBJC_MSGSEND = YES;
				GCC_C_LANGUAGE_STANDARD = gnu11;
				GCC_NO_COMMON_BLOCKS = YES;
				GCC_WARN_64_TO_32_BIT_CONVERSION = YES;
				GCC_WARN_ABOUT_RETURN_TYPE = YES_ERROR;
				GCC_WARN_UNDECLARED_SELECTOR = YES;
				GCC_WARN_UNINITIALIZED_AUTOS = YES_AGGRESSIVE;
				GCC_WARN_UNUSED_FUNCTION = YES;
				GCC_WARN_UNUSED_VARIABLE = YES;
				IPHONEOS_DEPLOYMENT_TARGET = 11.4;
				MTL_ENABLE_DEBUG_INFO = NO;
				SDKROOT = iphoneos;
				SWIFT_COMPILATION_MODE = wholemodule;
				SWIFT_OPTIMIZATION_LEVEL = "-O";
				VALIDATE_PRODUCT = YES;
			};
			name = Release;
		};
		F4E2D01420EF56D700F3068B /* Debug */ = {
			isa = XCBuildConfiguration;
			baseConfigurationReference = 726816228E074ED7C1ED5AAF /* Pods-ProductReview.debug.xcconfig */;
			buildSettings = {
				ASSETCATALOG_COMPILER_APPICON_NAME = AppIcon;
				CODE_SIGN_STYLE = Automatic;
				INFOPLIST_FILE = ProductReview/Info.plist;
				LD_RUNPATH_SEARCH_PATHS = (
					"$(inherited)",
					"@executable_path/Frameworks",
				);
				PRODUCT_BUNDLE_IDENTIFIER = project.ProductReview;
				PRODUCT_NAME = "$(TARGET_NAME)";
				SWIFT_VERSION = 4.0;
				TARGETED_DEVICE_FAMILY = "1,2";
			};
			name = Debug;
		};
		F4E2D01520EF56D700F3068B /* Release */ = {
			isa = XCBuildConfiguration;
			baseConfigurationReference = AC7DC87E6753DB70653BFF03 /* Pods-ProductReview.release.xcconfig */;
			buildSettings = {
				ASSETCATALOG_COMPILER_APPICON_NAME = AppIcon;
				CODE_SIGN_STYLE = Automatic;
				INFOPLIST_FILE = ProductReview/Info.plist;
				LD_RUNPATH_SEARCH_PATHS = (
					"$(inherited)",
					"@executable_path/Frameworks",
				);
				PRODUCT_BUNDLE_IDENTIFIER = project.ProductReview;
				PRODUCT_NAME = "$(TARGET_NAME)";
				SWIFT_VERSION = 4.0;
				TARGETED_DEVICE_FAMILY = "1,2";
			};
			name = Release;
		};
		F4E2D01720EF56D700F3068B /* Debug */ = {
			isa = XCBuildConfiguration;
			baseConfigurationReference = BF76C776D34AC709492B044F /* Pods-ProductReviewTests.debug.xcconfig */;
			buildSettings = {
				ALWAYS_EMBED_SWIFT_STANDARD_LIBRARIES = YES;
				BUNDLE_LOADER = "$(TEST_HOST)";
				CODE_SIGN_STYLE = Automatic;
				INFOPLIST_FILE = ProductReviewTests/Info.plist;
				LD_RUNPATH_SEARCH_PATHS = (
					"$(inherited)",
					"@executable_path/Frameworks",
					"@loader_path/Frameworks",
				);
				PRODUCT_BUNDLE_IDENTIFIER = project.ProductReviewTests;
				PRODUCT_NAME = "$(TARGET_NAME)";
				SWIFT_VERSION = 4.0;
				TARGETED_DEVICE_FAMILY = "1,2";
				TEST_HOST = "$(BUILT_PRODUCTS_DIR)/ProductReview.app/ProductReview";
			};
			name = Debug;
		};
		F4E2D01820EF56D700F3068B /* Release */ = {
			isa = XCBuildConfiguration;
			baseConfigurationReference = 5F5F71A09F061B27BD383164 /* Pods-ProductReviewTests.release.xcconfig */;
			buildSettings = {
				ALWAYS_EMBED_SWIFT_STANDARD_LIBRARIES = YES;
				BUNDLE_LOADER = "$(TEST_HOST)";
				CODE_SIGN_STYLE = Automatic;
				INFOPLIST_FILE = ProductReviewTests/Info.plist;
				LD_RUNPATH_SEARCH_PATHS = (
					"$(inherited)",
					"@executable_path/Frameworks",
					"@loader_path/Frameworks",
				);
				PRODUCT_BUNDLE_IDENTIFIER = project.ProductReviewTests;
				PRODUCT_NAME = "$(TARGET_NAME)";
				SWIFT_VERSION = 4.0;
				TARGETED_DEVICE_FAMILY = "1,2";
				TEST_HOST = "$(BUILT_PRODUCTS_DIR)/ProductReview.app/ProductReview";
			};
			name = Release;
		};
/* End XCBuildConfiguration section */

/* Begin XCConfigurationList section */
		F4E2CFF120EF56D500F3068B /* Build configuration list for PBXProject "ProductReview" */ = {
			isa = XCConfigurationList;
			buildConfigurations = (
				F4E2D01120EF56D700F3068B /* Debug */,
				F4E2D01220EF56D700F3068B /* Release */,
			);
			defaultConfigurationIsVisible = 0;
			defaultConfigurationName = Release;
		};
		F4E2D01320EF56D700F3068B /* Build configuration list for PBXNativeTarget "ProductReview" */ = {
			isa = XCConfigurationList;
			buildConfigurations = (
				F4E2D01420EF56D700F3068B /* Debug */,
				F4E2D01520EF56D700F3068B /* Release */,
			);
			defaultConfigurationIsVisible = 0;
			defaultConfigurationName = Release;
		};
		F4E2D01620EF56D700F3068B /* Build configuration list for PBXNativeTarget "ProductReviewTests" */ = {
			isa = XCConfigurationList;
			buildConfigurations = (
				F4E2D01720EF56D700F3068B /* Debug */,
				F4E2D01820EF56D700F3068B /* Release */,
			);
			defaultConfigurationIsVisible = 0;
			defaultConfigurationName = Release;
		};
/* End XCConfigurationList section */
	};
	rootObject = F4E2CFEE20EF56D500F3068B /* Project object */;
}
